# THIS IS AN AUTOGENERATED FILE. DO NOT EDIT THIS FILE DIRECTLY.
# yarn lockfile v1


agentframework@~1.0.0-rc.7:
  version "1.0.0-rc.7"
  resolved "https://registry.yarnpkg.com/agentframework/-/agentframework-1.0.0-rc.7.tgz#80907e43fc64d9344f6576cadb247283d9cd1012"
  integrity sha512-+95c4diF89jLjXzI/+3j/KYjtYRXKlIRwcjAbO6STUzLgmspr0YEPYS0kWB8XfGRgwmCagugx6/hRJDgpW71Ow==
